
Microsoft Visual Studio Solution File, Format Version 12.00
# Visual Studio 15
VisualStudioVersion = 15.0.28307.1321
MinimumVisualStudioVersion = 10.0.40219.1
Project("{FAE04EC0-301F-11D3-BF4B-00C04F79EFBC}") = "MvcStok", "MvcStok\MvcStok.csproj", "{3DC30CAE-B936-4DA7-AF94-457860CC054C}"
EndProject
Global
	GlobalSection(SolutionConfigurationPlatforms) = preSolution
		Debug|Any CPU = Debug|Any CPU
		Release|Any CPU = Release|Any CPU
	EndGlobalSection
	GlobalSection(ProjectConfigurationPlatforms) = postSolution
		{3DC30CAE-B936-4DA7-AF94-457860CC054C}.Debug|Any CPU.ActiveCfg = Debug|Any CPU
		{3DC30CAE-B936-4DA7-AF94-457860CC054C}.Debug|Any CPU.Build.0 = Debug|Any CPU
		{3DC30CAE-B936-4DA7-AF94-457860CC054C}.Release|Any CPU.ActiveCfg = Release|Any CPU
		{3DC30CAE-B936-4DA7-AF94-457860CC054C}.Release|Any CPU.Build.0 = Release|Any CPU
	EndGlobalSection
	GlobalSection(SolutionProperties) = preSolution
		HideSolutionNode = FALSE
	EndGlobalSection
	GlobalSection(ExtensibilityGlobals) = postSolution
		SolutionGuid = {5FE1F651-65B3-4CBD-9BC2-5B2F9E32779A}
	EndGlobalSection
EndGlobal
